<?xml version="1.0" encoding="utf-8"?>
<Project ToolsVersion="4.0" xmlns="http://schemas.microsoft.com/developer/msbuild/2003">
  <ItemGroup>
    <Filter Include="源文件">
      <UniqueIdentifier>{4FC737F1-C7A5-4376-A066-2A32D752A2FF}</UniqueIdentifier>
      <Extensions>cpp;c;cc;cxx;c++;cppm;ixx;def;odl;idl;hpj;bat;asm;asmx</Extensions>
    </Filter>
    <Filter Include="头文件">
      <UniqueIdentifier>{93995380-89BD-4b04-88EB-625FBE52EBFB}</UniqueIdentifier>
      <Extensions>h;hh;hpp;hxx;h++;hm;inl;inc;ipp;xsd</Extensions>
    </Filter>
    <Filter Include="资源文件">
      <UniqueIdentifier>{67DA6AB6-F800-4c08-8B7A-83BB121AAD01}</UniqueIdentifier>
      <Extensions>rc;ico;cur;bmp;dlg;rc2;rct;bin;rgs;gif;jpg;jpeg;jpe;resx;tiff;tif;png;wav;mfcribbon-ms</Extensions>
    </Filter>
  </ItemGroup>
  <ItemGroup>
    <ClInclude Include="launch_a_thread.h">
      <Filter>头文件</Filter>
    </ClInclude>
    <ClInclude Include="join_joinable_detach.h">
      <Filter>头文件</Filter>
    </ClInclude>
    <ClInclude Include="exception_scenario_join.h">
      <Filter>头文件</Filter>
    </ClInclude>
    <ClInclude Include="call_thread_guard.h">
      <Filter>头文件</Filter>
    </ClInclude>
    <ClInclude Include="ship_example.h">
      <Filter>头文件</Filter>
    </ClInclude>
    <ClInclude Include="pass_parameters.h">
      <Filter>头文件</Filter>
    </ClInclude>
    <ClInclude Include="transferring_thread_ownership.h">
      <Filter>头文件</Filter>
    </ClInclude>
    <ClInclude Include="useful_functions_in_thread.h">
      <Filter>头文件</Filter>
    </ClInclude>
    <ClInclude Include="ship_example2.h">
      <Filter>头文件</Filter>
    </ClInclude>
    <ClInclude Include="parallel_accumulation.h">
      <Filter>头文件</Filter>
    </ClInclude>
    <ClInclude Include="thread_local_storage.h">
      <Filter>头文件</Filter>
    </ClInclude>
    <ClInclude Include="Using_mutex.h">
      <Filter>头文件</Filter>
    </ClInclude>
    <ClInclude Include="what_can_go_wrong_with_mutex.h">
      <Filter>头文件</Filter>
    </ClInclude>
    <ClInclude Include="thread_safe_stack.h">
      <Filter>头文件</Filter>
    </ClInclude>
    <ClInclude Include="dead_lock.h">
      <Filter>头文件</Filter>
    </ClInclude>
    <ClInclude Include="unique_locks.h">
      <Filter>头文件</Filter>
    </ClInclude>
    <ClInclude Include="Drive_example.h">
      <Filter>头文件</Filter>
    </ClInclude>
    <ClInclude Include="thread_safe_queue.h">
      <Filter>头文件</Filter>
    </ClInclude>
    <ClInclude Include="future_asynchronous.h">
      <Filter>头文件</Filter>
    </ClInclude>
    <ClInclude Include="deep_dive_in_async.h">
      <Filter>头文件</Filter>
    </ClInclude>
    <ClInclude Include="accumulate_with_async.h">
      <Filter>头文件</Filter>
    </ClInclude>
    <ClInclude Include="package_task_example.h">
      <Filter>头文件</Filter>
    </ClInclude>
    <ClInclude Include="promise_future_example.h">
      <Filter>头文件</Filter>
    </ClInclude>
    <ClInclude Include="promise_send_exception.h">
      <Filter>头文件</Filter>
    </ClInclude>
    <ClInclude Include="shared_future_example.h">
      <Filter>头文件</Filter>
    </ClInclude>
    <ClInclude Include="ultimate_parallel_thread_safe_queue.h">
      <Filter>头文件</Filter>
    </ClInclude>
    <ClInclude Include="Using_Parallel_STL.h">
      <Filter>头文件</Filter>
    </ClInclude>
    <ClInclude Include="Parallel_quick_sort.h">
      <Filter>头文件</Filter>
    </ClInclude>
    <ClInclude Include="parallel_for_each.h">
      <Filter>头文件</Filter>
    </ClInclude>
    <ClInclude Include="parallel_find_example.h">
      <Filter>头文件</Filter>
    </ClInclude>
    <ClInclude Include="parallel_prefix_sum.h">
      <Filter>头文件</Filter>
    </ClInclude>
    <ClInclude Include="parallel_matrix.h">
      <Filter>头文件</Filter>
    </ClInclude>
    <ClInclude Include="experiment.h">
      <Filter>头文件</Filter>
    </ClInclude>
    <ClInclude Include="coroutine_example.h">
      <Filter>头文件</Filter>
    </ClInclude>
    <ClInclude Include="lazy_generator.h">
      <Filter>头文件</Filter>
    </ClInclude>
    <ClInclude Include="Barrier_selfimplemention.h">
      <Filter>头文件</Filter>
    </ClInclude>
    <ClInclude Include="Atomic_example.h">
      <Filter>头文件</Filter>
    </ClInclude>
    <ClInclude Include="Lock_free_data_structure.h">
      <Filter>头文件</Filter>
    </ClInclude>
  </ItemGroup>
  <ItemGroup>
    <ClCompile Include="main.cpp">
      <Filter>源文件</Filter>
    </ClCompile>
    <ClCompile Include="Jthread_exampless.h">
      <Filter>头文件</Filter>
    </ClCompile>
    <ClCompile Include="Jthread_exampless.cpp">
      <Filter>源文件</Filter>
    </ClCompile>
  </ItemGroup>
</Project>